<?xml version="1.0" encoding="utf-8"?>
<Project ToolsVersion="4.0" xmlns="http://schemas.microsoft.com/developer/msbuild/2003">
  <ItemGroup>
    <ClCompile Include="main.cpp" />
    <ClCompile Include="stdafx.cpp" />
    <ClCompile Include="tictactoestate.cpp">
      <Filter>state</Filter>
    </ClCompile>
    <ClCompile Include="node.cpp" />
    <ClCompile Include="depthlimitedminimax.cpp">
      <Filter>search</Filter>
    </ClCompile>
    <ClCompile Include="mcts.cpp">
      <Filter>search</Filter>
    </ClCompile>
    <ClCompile Include="minimax.cpp">
      <Filter>search</Filter>
    </ClCompile>
    <ClCompile Include="randomsearch.cpp">
      <Filter>search</Filter>
    </ClCompile>
    <ClCompile Include="search.cpp">
      <Filter>search</Filter>
    </ClCompile>
    <ClCompile Include="state.cpp">
      <Filter>state</Filter>
    </ClCompile>
    <ClCompile Include="backgammonstate.cpp">
      <Filter>state</Filter>
    </ClCompile>
    <ClCompile Include="expectiminimax.cpp">
      <Filter>search</Filter>
    </ClCompile>
  </ItemGroup>
  <ItemGroup>
    <ClInclude Include="node.h" />
    <ClInclude Include="stdafx.h" />
    <ClInclude Include="tictactoestate.h">
      <Filter>state</Filter>
    </ClInclude>
    <ClInclude Include="depthlimitedminimax.h">
      <Filter>search</Filter>
    </ClInclude>
    <ClInclude Include="mcts.h">
      <Filter>search</Filter>
    </ClInclude>
    <ClInclude Include="minimax.h">
      <Filter>search</Filter>
    </ClInclude>
    <ClInclude Include="randomsearch.h">
      <Filter>search</Filter>
    </ClInclude>
    <ClInclude Include="search.h">
      <Filter>search</Filter>
    </ClInclude>
    <ClInclude Include="state.h">
      <Filter>state</Filter>
    </ClInclude>
    <ClInclude Include="backgammonstate.h">
      <Filter>state</Filter>
    </ClInclude>
    <ClInclude Include="expectiminimax.h">
      <Filter>search</Filter>
    </ClInclude>
  </ItemGroup>
  <ItemGroup>
    <Filter Include="state">
      <UniqueIdentifier>{399c2841-ac9b-43bb-8b91-ddb326f1045f}</UniqueIdentifier>
    </Filter>
    <Filter Include="search">
      <UniqueIdentifier>{50f83267-88aa-463f-b311-0794dba86a16}</UniqueIdentifier>
    </Filter>
  </ItemGroup>
  <ItemGroup>
    <None Include="README.md" />
    <None Include="LICENSE" />
    <None Include="Makefile" />
  </ItemGroup>
</Project>